Microsoft Visual Studio Solution File, Format Version 12.00
# Visual Studio 15
VisualStudioVersion = 15.0.27428.2002
MinimumVisualStudioVersion = 10.0.40219.1
Project("{FAE04EC0-301F-11D3-BF4B-00C04F79EFBC}") = "Lands", "Lands\Lands.csproj", "{FB203158-2921-4086-8C3E-1B974668C70E}"
EndProject
Project("{FAE04EC0-301F-11D3-BF4B-00C04F79EFBC}") = "Lands.iOS", "iOS\Lands.iOS.csproj", "{870E536B-3EF6-483C-93DA-590743B1138B}"
EndProject
Project("{FAE04EC0-301F-11D3-BF4B-00C04F79EFBC}") = "Lands.Droid", "Droid\Lands.Droid.csproj", "{D250654A-FC87-4910-B429-E68014DA16A3}"
EndProject
Project("{FAE04EC0-301F-11D3-BF4B-00C04F79EFBC}") = "Lands.Domain", "Lands.Domain\Lands.Domain.csproj", "{5629F943-9874-4CC3-8D45-886C1740BD06}"
EndProject
Project("{FAE04EC0-301F-11D3-BF4B-00C04F79EFBC}") = "Lands.Backend", "Lands.Backend\Lands.Backend.csproj", "{4B6A787E-1771-4B8F-8177-3DFA449171E1}"
EndProject
Project("{FAE04EC0-301F-11D3-BF4B-00C04F79EFBC}") = "Lands.API", "Lands.API\Lands.API.csproj", "{7643FE2B-27C7-4715-AE82-64AA1D5AC9C8}"
EndProject
Global
	GlobalSection(SolutionConfigurationPlatforms) = preSolution
		Debug|Any CPU = Debug|Any CPU
		Debug|iPhone = Debug|iPhone
		Debug|iPhoneSimulator = Debug|iPhoneSimulator
		Release|Any CPU = Release|Any CPU
		Release|iPhone = Release|iPhone
		Release|iPhoneSimulator = Release|iPhoneSimulator
	EndGlobalSection
	GlobalSection(ProjectConfigurationPlatforms) = postSolution
		{FB203158-2921-4086-8C3E-1B974668C70E}.Debug|Any CPU.ActiveCfg = Debug|Any CPU
		{FB203158-2921-4086-8C3E-1B974668C70E}.Debug|Any CPU.Build.0 = Debug|Any CPU
		{FB203158-2921-4086-8C3E-1B974668C70E}.Debug|iPhone.ActiveCfg = Debug|Any CPU
		{FB203158-2921-4086-8C3E-1B974668C70E}.Debug|iPhone.Build.0 = Debug|Any CPU
		{FB203158-2921-4086-8C3E-1B974668C70E}.Debug|iPhoneSimulator.ActiveCfg = Debug|Any CPU
		{FB203158-2921-4086-8C3E-1B974668C70E}.Debug|iPhoneSimulator.Build.0 = Debug|Any CPU
		{FB203158-2921-4086-8C3E-1B974668C70E}.Release|Any CPU.ActiveCfg = Release|Any CPU
		{FB203158-2921-4086-8C3E-1B974668C70E}.Release|Any CPU.Build.0 = Release|Any CPU
		{FB203158-2921-4086-8C3E-1B974668C70E}.Release|iPhone.ActiveCfg = Release|Any CPU
		{FB203158-2921-4086-8C3E-1B974668C70E}.Release|iPhone.Build.0 = Release|Any CPU
		{FB203158-2921-4086-8C3E-1B974668C70E}.Release|iPhoneSimulator.ActiveCfg = Release|Any CPU
		{FB203158-2921-4086-8C3E-1B974668C70E}.Release|iPhoneSimulator.Build.0 = Release|Any CPU
		{870E536B-3EF6-483C-93DA-590743B1138B}.Debug|Any CPU.ActiveCfg = Debug|iPhoneSimulator
		{870E536B-3EF6-483C-93DA-590743B1138B}.Debug|Any CPU.Build.0 = Debug|iPhoneSimulator
		{870E536B-3EF6-483C-93DA-590743B1138B}.Debug|iPhone.ActiveCfg = Debug|iPhone
		{870E536B-3EF6-483C-93DA-590743B1138B}.Debug|iPhone.Build.0 = Debug|iPhone
		{870E536B-3EF6-483C-93DA-590743B1138B}.Debug|iPhoneSimulator.ActiveCfg = Debug|iPhoneSimulator
		{870E536B-3EF6-483C-93DA-590743B1138B}.Debug|iPhoneSimulator.Build.0 = Debug|iPhoneSimulator
		{870E536B-3EF6-483C-93DA-590743B1138B}.Release|Any CPU.ActiveCfg = Release|iPhone
		{870E536B-3EF6-483C-93DA-590743B1138B}.Release|Any CPU.Build.0 = Release|iPhone
		{870E536B-3EF6-483C-93DA-590743B1138B}.Release|iPhone.ActiveCfg = Release|iPhone
		{870E536B-3EF6-483C-93DA-590743B1138B}.Release|iPhone.Build.0 = Release|iPhone
		{870E536B-3EF6-483C-93DA-590743B1138B}.Release|iPhoneSimulator.ActiveCfg = Release|iPhoneSimulator
		{870E536B-3EF6-483C-93DA-590743B1138B}.Release|iPhoneSimulator.Build.0 = Release|iPhoneSimulator
		{D250654A-FC87-4910-B429-E68014DA16A3}.Debug|Any CPU.ActiveCfg = Debug|Any CPU
		{D250654A-FC87-4910-B429-E68014DA16A3}.Debug|Any CPU.Build.0 = Debug|Any CPU
		{D250654A-FC87-4910-B429-E68014DA16A3}.Debug|iPhone.ActiveCfg = Debug|Any CPU
		{D250654A-FC87-4910-B429-E68014DA16A3}.Debug|iPhone.Build.0 = Debug|Any CPU
		{D250654A-FC87-4910-B429-E68014DA16A3}.Debug|iPhoneSimulator.ActiveCfg = Debug|Any CPU
		{D250654A-FC87-4910-B429-E68014DA16A3}.Debug|iPhoneSimulator.Build.0 = Debug|Any CPU
		{D250654A-FC87-4910-B429-E68014DA16A3}.Release|Any CPU.ActiveCfg = Release|Any CPU
		{D250654A-FC87-4910-B429-E68014DA16A3}.Release|Any CPU.Build.0 = Release|Any CPU
		{D250654A-FC87-4910-B429-E68014DA16A3}.Release|iPhone.ActiveCfg = Release|Any CPU
		{D250654A-FC87-4910-B429-E68014DA16A3}.Release|iPhone.Build.0 = Release|Any CPU
		{D250654A-FC87-4910-B429-E68014DA16A3}.Release|iPhoneSimulator.ActiveCfg = Release|Any CPU
		{D250654A-FC87-4910-B429-E68014DA16A3}.Release|iPhoneSimulator.Build.0 = Release|Any CPU
		{5629F943-9874-4CC3-8D45-886C1740BD06}.Debug|Any CPU.ActiveCfg = Debug|Any CPU
		{5629F943-9874-4CC3-8D45-886C1740BD06}.Debug|Any CPU.Build.0 = Debug|Any CPU
		{5629F943-9874-4CC3-8D45-886C1740BD06}.Debug|iPhone.ActiveCfg = Debug|Any CPU
		{5629F943-9874-4CC3-8D45-886C1740BD06}.Debug|iPhone.Build.0 = Debug|Any CPU
		{5629F943-9874-4CC3-8D45-886C1740BD06}.Debug|iPhoneSimulator.ActiveCfg = Debug|Any CPU
		{5629F943-9874-4CC3-8D45-886C1740BD06}.Debug|iPhoneSimulator.Build.0 = Debug|Any CPU
		{5629F943-9874-4CC3-8D45-886C1740BD06}.Release|Any CPU.ActiveCfg = Release|Any CPU
		{5629F943-9874-4CC3-8D45-886C1740BD06}.Release|Any CPU.Build.0 = Release|Any CPU
		{5629F943-9874-4CC3-8D45-886C1740BD06}.Release|iPhone.ActiveCfg = Release|Any CPU
		{5629F943-9874-4CC3-8D45-886C1740BD06}.Release|iPhone.Build.0 = Release|Any CPU
		{5629F943-9874-4CC3-8D45-886C1740BD06}.Release|iPhoneSimulator.ActiveCfg = Release|Any CPU
		{5629F943-9874-4CC3-8D45-886C1740BD06}.Release|iPhoneSimulator.Build.0 = Release|Any CPU
		{4B6A787E-1771-4B8F-8177-3DFA449171E1}.Debug|Any CPU.ActiveCfg = Debug|Any CPU
		{4B6A787E-1771-4B8F-8177-3DFA449171E1}.Debug|Any CPU.Build.0 = Debug|Any CPU
		{4B6A787E-1771-4B8F-8177-3DFA449171E1}.Debug|iPhone.ActiveCfg = Debug|Any CPU
		{4B6A787E-1771-4B8F-8177-3DFA449171E1}.Debug|iPhone.Build.0 = Debug|Any CPU
		{4B6A787E-1771-4B8F-8177-3DFA449171E1}.Debug|iPhoneSimulator.ActiveCfg = Debug|Any CPU
		{4B6A787E-1771-4B8F-8177-3DFA449171E1}.Debug|iPhoneSimulator.Build.0 = Debug|Any CPU
		{4B6A787E-1771-4B8F-8177-3DFA449171E1}.Release|Any CPU.ActiveCfg = Release|Any CPU
		{4B6A787E-1771-4B8F-8177-3DFA449171E1}.Release|Any CPU.Build.0 = Release|Any CPU
		{4B6A787E-1771-4B8F-8177-3DFA449171E1}.Release|iPhone.ActiveCfg = Release|Any CPU
		{4B6A787E-1771-4B8F-8177-3DFA449171E1}.Release|iPhone.Build.0 = Release|Any CPU
		{4B6A787E-1771-4B8F-8177-3DFA449171E1}.Release|iPhoneSimulator.ActiveCfg = Release|Any CPU
		{4B6A787E-1771-4B8F-8177-3DFA449171E1}.Release|iPhoneSimulator.Build.0 = Release|Any CPU
		{7643FE2B-27C7-4715-AE82-64AA1D5AC9C8}.Debug|Any CPU.ActiveCfg = Debug|Any CPU
		{7643FE2B-27C7-4715-AE82-64AA1D5AC9C8}.Debug|Any CPU.Build.0 = Debug|Any CPU
		{7643FE2B-27C7-4715-AE82-64AA1D5AC9C8}.Debug|iPhone.ActiveCfg = Debug|Any CPU
		{7643FE2B-27C7-4715-AE82-64AA1D5AC9C8}.Debug|iPhone.Build.0 = Debug|Any CPU
		{7643FE2B-27C7-4715-AE82-64AA1D5AC9C8}.Debug|iPhoneSimulator.ActiveCfg = Debug|Any CPU
		{7643FE2B-27C7-4715-AE82-64AA1D5AC9C8}.Debug|iPhoneSimulator.Build.0 = Debug|Any CPU
		{7643FE2B-27C7-4715-AE82-64AA1D5AC9C8}.Release|Any CPU.ActiveCfg = Release|Any CPU
		{7643FE2B-27C7-4715-AE82-64AA1D5AC9C8}.Release|Any CPU.Build.0 = Release|Any CPU
		{7643FE2B-27C7-4715-AE82-64AA1D5AC9C8}.Release|iPhone.ActiveCfg = Release|Any CPU
		{7643FE2B-27C7-4715-AE82-64AA1D5AC9C8}.Release|iPhone.Build.0 = Release|Any CPU
		{7643FE2B-27C7-4715-AE82-64AA1D5AC9C8}.Release|iPhoneSimulator.ActiveCfg = Release|Any CPU
		{7643FE2B-27C7-4715-AE82-64AA1D5AC9C8}.Release|iPhoneSimulator.Build.0 = Release|Any CPU
	EndGlobalSection
	GlobalSection(SolutionProperties) = preSolution
		HideSolutionNode = FALSE
	EndGlobalSection
	GlobalSection(ExtensibilityGlobals) = postSolution
		SolutionGuid = {D4E3DAFB-3AA3-47CD-B208-02C12D975895}
	EndGlobalSection
EndGlobal
